// !$*UTF8*$!
{
	archiveVersion = 1;
	classes = {
	};
	objectVersion = 56;
	objects = {

/* Begin PBXBuildFile section */
		0AC38AFE292E23350094C43E /* SideMenu_SwiftUIApp.swift in Sources */ = {isa = PBXBuildFile; fileRef = 0AC38AFD292E23350094C43E /* SideMenu_SwiftUIApp.swift */; };
		0AC38B02292E23360094C43E /* Assets.xcassets in Resources */ = {isa = PBXBuildFile; fileRef = 0AC38B01292E23360094C43E /* Assets.xcassets */; };
		0AC38B05292E23360094C43E /* Preview Assets.xcassets in Resources */ = {isa = PBXBuildFile; fileRef = 0AC38B04292E23360094C43E /* Preview Assets.xcassets */; };
		0AC38B0F292E23690094C43E /* SideMenuOption.swift in Sources */ = {isa = PBXBuildFile; fileRef = 0AC38B0B292E23690094C43E /* SideMenuOption.swift */; };
		0AC38B10292E23690094C43E /* SideMenuHeader.swift in Sources */ = {isa = PBXBuildFile; fileRef = 0AC38B0C292E23690094C43E /* SideMenuHeader.swift */; };
		0AC38B11292E23690094C43E /* HomeView.swift in Sources */ = {isa = PBXBuildFile; fileRef = 0AC38B0D292E23690094C43E /* HomeView.swift */; };
		0AC38B12292E23690094C43E /* SideMenu.swift in Sources */ = {isa = PBXBuildFile; fileRef = 0AC38B0E292E23690094C43E /* SideMenu.swift */; };
		0AC38B17292E249E0094C43E /* SideMenuVM.swift in Sources */ = {isa = PBXBuildFile; fileRef = 0AC38B16292E249E0094C43E /* SideMenuVM.swift */; };
/* End PBXBuildFile section */

/* Begin PBXFileReference section */
		0AC38AFA292E23350094C43E /* SideMenu_SwiftUI.app */ = {isa = PBXFileReference; explicitFileType = wrapper.application; includeInIndex = 0; path = SideMenu_SwiftUI.app; sourceTree = BUILT_PRODUCTS_DIR; };
		0AC38AFD292E23350094C43E /* SideMenu_SwiftUIApp.swift */ = {isa = PBXFileReference; lastKnownFileType = sourcecode.swift; path = SideMenu_SwiftUIApp.swift; sourceTree = "<group>"; };
		0AC38B01292E23360094C43E /* Assets.xcassets */ = {isa = PBXFileReference; lastKnownFileType = folder.assetcatalog; path = Assets.xcassets; sourceTree = "<group>"; };
		0AC38B04292E23360094C43E /* Preview Assets.xcassets */ = {isa = PBXFileReference; lastKnownFileType = folder.assetcatalog; path = "Preview Assets.xcassets"; sourceTree = "<group>"; };
		0AC38B0B292E23690094C43E /* SideMenuOption.swift */ = {isa = PBXFileReference; fileEncoding = 4; lastKnownFileType = sourcecode.swift; path = SideMenuOption.swift; sourceTree = "<group>"; };
		0AC38B0C292E23690094C43E /* SideMenuHeader.swift */ = {isa = PBXFileReference; fileEncoding = 4; lastKnownFileType = sourcecode.swift; path = SideMenuHeader.swift; sourceTree = "<group>"; };
		0AC38B0D292E23690094C43E /* HomeView.swift */ = {isa = PBXFileReference; fileEncoding = 4; lastKnownFileType = sourcecode.swift; path = HomeView.swift; sourceTree = "<group>"; };
		0AC38B0E292E23690094C43E /* SideMenu.swift */ = {isa = PBXFileReference; fileEncoding = 4; lastKnownFileType = sourcecode.swift; path = SideMenu.swift; sourceTree = "<group>"; };
		0AC38B16292E249E0094C43E /* SideMenuVM.swift */ = {isa = PBXFileReference; lastKnownFileType = sourcecode.swift; path = SideMenuVM.swift; sourceTree = "<group>"; };
/* End PBXFileReference section */

/* Begin PBXFrameworksBuildPhase section */
		0AC38AF7292E23350094C43E /* Frameworks */ = {
			isa = PBXFrameworksBuildPhase;
			buildActionMask = 2147483647;
			files = (
			);
			runOnlyForDeploymentPostprocessing = 0;
		};
/* End PBXFrameworksBuildPhase section */

/* Begin PBXGroup section */
		0AC38AF1292E23350094C43E = {
			isa = PBXGroup;
			children = (
				0AC38AFC292E23350094C43E /* SideMenu_SwiftUI */,
				0AC38AFB292E23350094C43E /* Products */,
			);
			sourceTree = "<group>";
		};
		0AC38AFB292E23350094C43E /* Products */ = {
			isa = PBXGroup;
			children = (
				0AC38AFA292E23350094C43E /* SideMenu_SwiftUI.app */,
			);
			name = Products;
			sourceTree = "<group>";
		};
		0AC38AFC292E23350094C43E /* SideMenu_SwiftUI */ = {
			isa = PBXGroup;
			children = (
				0AC38B01292E23360094C43E /* Assets.xcassets */,
				0AC38AFD292E23350094C43E /* SideMenu_SwiftUIApp.swift */,
				0AC38B13292E243B0094C43E /* Components */,
				0AC38B14292E24480094C43E /* View */,
				0AC38B15292E248C0094C43E /* ViewModel */,
				0AC38B03292E23360094C43E /* Preview Content */,
			);
			path = SideMenu_SwiftUI;
			sourceTree = "<group>";
		};
		0AC38B03292E23360094C43E /* Preview Content */ = {
			isa = PBXGroup;
			children = (
				0AC38B04292E23360094C43E /* Preview Assets.xcassets */,
			);
			path = "Preview Content";
			sourceTree = "<group>";
		};
		0AC38B13292E243B0094C43E /* Components */ = {
			isa = PBXGroup;
			children = (
				0AC38B0C292E23690094C43E /* SideMenuHeader.swift */,
				0AC38B0B292E23690094C43E /* SideMenuOption.swift */,
			);
			path = Components;
			sourceTree = "<group>";
		};
		0AC38B14292E24480094C43E /* View */ = {
			isa = PBXGroup;
			children = (
				0AC38B0D292E23690094C43E /* HomeView.swift */,
				0AC38B0E292E23690094C43E /* SideMenu.swift */,
			);
			path = View;
			sourceTree = "<group>";
		};
		0AC38B15292E248C0094C43E /* ViewModel */ = {
			isa = PBXGroup;
			children = (
				0AC38B16292E249E0094C43E /* SideMenuVM.swift */,
			);
			path = ViewModel;
			sourceTree = "<group>";
		};
/* End PBXGroup section */

/* Begin PBXNativeTarget section */
		0AC38AF9292E23350094C43E /* SideMenu_SwiftUI */ = {
			isa = PBXNativeTarget;
			buildConfigurationList = 0AC38B08292E23360094C43E /* Build configuration list for PBXNativeTarget "SideMenu_SwiftUI" */;
			buildPhases = (
				0AC38AF6292E23350094C43E /* Sources */,
				0AC38AF7292E23350094C43E /* Frameworks */,
				0AC38AF8292E23350094C43E /* Resources */,
			);
			buildRules = (
			);
			dependencies = (
			);
			name = SideMenu_SwiftUI;
			productName = SideMenu_SwiftUI;
			productReference = 0AC38AFA292E23350094C43E /* SideMenu_SwiftUI.app */;
			productType = "com.apple.product-type.application";
		};
/* End PBXNativeTarget section */

/* Begin PBXProject section */
		0AC38AF2292E23350094C43E /* Project object */ = {
			isa = PBXProject;
			attributes = {
				BuildIndependentTargetsInParallel = 1;
				LastSwiftUpdateCheck = 1400;
				LastUpgradeCheck = 1400;
				TargetAttributes = {
					0AC38AF9292E23350094C43E = {
						CreatedOnToolsVersion = 14.0;
					};
				};
			};
			buildConfigurationList = 0AC38AF5292E23350094C43E /* Build configuration list for PBXProject "SideMenu_SwiftUI" */;
			compatibilityVersion = "Xcode 14.0";
			developmentRegion = en;
			hasScannedForEncodings = 0;
			knownRegions = (
				en,
				Base,
			);
			mainGroup = 0AC38AF1292E23350094C43E;
			productRefGroup = 0AC38AFB292E23350094C43E /* Products */;
			projectDirPath = "";
			projectRoot = "";
			targets = (
				0AC38AF9292E23350094C43E /* SideMenu_SwiftUI */,
			);
		};
/* End PBXProject section */

/* Begin PBXResourcesBuildPhase section */
		0AC38AF8292E23350094C43E /* Resources */ = {
			isa = PBXResourcesBuildPhase;
			buildActionMask = 2147483647;
			files = (
				0AC38B05292E23360094C43E /* Preview Assets.xcassets in Resources */,
				0AC38B02292E23360094C43E /* Assets.xcassets in Resources */,
			);
			runOnlyForDeploymentPostprocessing = 0;
		};
/* End PBXResourcesBuildPhase section */

/* Begin PBXSourcesBuildPhase section */
		0AC38AF6292E23350094C43E /* Sources */ = {
			isa = PBXSourcesBuildPhase;
			buildActionMask = 2147483647;
			files = (
				0AC38AFE292E23350094C43E /* SideMenu_SwiftUIApp.swift in Sources */,
				0AC38B10292E23690094C43E /* SideMenuHeader.swift in Sources */,
				0AC38B12292E23690094C43E /* SideMenu.swift in Sources */,
				0AC38B11292E23690094C43E /* HomeView.swift in Sources */,
				0AC38B17292E249E0094C43E /* SideMenuVM.swift in Sources */,
				0AC38B0F292E23690094C43E /* SideMenuOption.swift in Sources */,
			);
			runOnlyForDeploymentPostprocessing = 0;
		};
/* End PBXSourcesBuildPhase section */

/* Begin XCBuildConfiguration section */
		0AC38B06292E23360094C43E /* Debug */ = {
			isa = XCBuildConfiguration;
			buildSettings = {
				ALWAYS_SEARCH_USER_PATHS = NO;
				CLANG_ANALYZER_NONNULL = YES;
				CLANG_ANALYZER_NUMBER_OBJECT_CONVERSION = YES_AGGRESSIVE;
				CLANG_CXX_LANGUAGE_STANDARD = "gnu++17";
				CLANG_ENABLE_MODULES = YES;
				CLANG_ENABLE_OBJC_ARC = YES;
				CLANG_ENABLE_OBJC_WEAK = YES;
				CLANG_WARN_BLOCK_CAPTURE_AUTORELEASING = YES;
				CLANG_WARN_BOOL_CONVERSION = YES;
				CLANG_WARN_COMMA = YES;
				CLANG_WARN_CONSTANT_CONVERSION = YES;
				CLANG_WARN_DEPRECATED_OBJC_IMPLEMENTATIONS = YES;
				CLANG_WARN_DIRECT_OBJC_ISA_USAGE = YES_ERROR;
				CLANG_WARN_DOCUMENTATION_COMMENTS = YES;
				CLANG_WARN_EMPTY_BODY = YES;
				CLANG_WARN_ENUM_CONVERSION = YES;
				CLANG_WARN_INFINITE_RECURSION = YES;
				CLANG_WARN_INT_CONVERSION = YES;
				CLANG_WARN_NON_LITERAL_NULL_CONVERSION = YES;
				CLANG_WARN_OBJC_IMPLICIT_RETAIN_SELF = YES;
				CLANG_WARN_OBJC_LITERAL_CONVERSION = YES;
				CLANG_WARN_OBJC_ROOT_CLASS = YES_ERROR;
				CLANG_WARN_QUOTED_INCLUDE_IN_FRAMEWORK_HEADER = YES;
				CLANG_WARN_RANGE_LOOP_ANALYSIS = YES;
				CLANG_WARN_STRICT_PROTOTYPES = YES;
				CLANG_WARN_SUSPICIOUS_MOVE = YES;
				CLANG_WARN_UNGUARDED_AVAILABILITY = YES_AGGRESSIVE;
				CLANG_WARN_UNREACHABLE_CODE = YES;
				CLANG_WARN__DUPLICATE_METHOD_MATCH = YES;
				COPY_PHASE_STRIP = NO;
				DEBUG_INFORMATION_FORMAT = dwarf;
				ENABLE_STRICT_OBJC_MSGSEND = YES;
				ENABLE_TESTABILITY = YES;
				GCC_C_LANGUAGE_STANDARD = gnu11;
				GCC_DYNAMIC_NO_PIC = NO;
				GCC_NO_COMMON_BLOCKS = YES;
				GCC_OPTIMIZATION_LEVEL = 0;
				GCC_PREPROCESSOR_DEFINITIONS = (
					"DEBUG=1",
					"$(inherited)",
				);
				GCC_WARN_64_TO_32_BIT_CONVERSION = YES;
				GCC_WARN_ABOUT_RETURN_TYPE = YES_ERROR;
				GCC_WARN_UNDECLARED_SELECTOR = YES;
				GCC_WARN_UNINITIALIZED_AUTOS = YES_AGGRESSIVE;
				GCC_WARN_UNUSED_FUNCTION = YES;
				GCC_WARN_UNUSED_VARIABLE = YES;
				IPHONEOS_DEPLOYMENT_TARGET = 16.0;
				MTL_ENABLE_DEBUG_INFO = INCLUDE_SOURCE;
				MTL_FAST_MATH = YES;
				ONLY_ACTIVE_ARCH = YES;
				SDKROOT = iphoneos;
				SWIFT_ACTIVE_COMPILATION_CONDITIONS = DEBUG;
				SWIFT_OPTIMIZATION_LEVEL = "-Onone";
			};
			name = Debug;
		};
		0AC38B07292E23360094C43E /* Release */ = {
			isa = XCBuildConfiguration;
			buildSettings = {
				ALWAYS_SEARCH_USER_PATHS = NO;
				CLANG_ANALYZER_NONNULL = YES;
				CLANG_ANALYZER_NUMBER_OBJECT_CONVERSION = YES_AGGRESSIVE;
				CLANG_CXX_LANGUAGE_STANDARD = "gnu++17";
				CLANG_ENABLE_MODULES = YES;
				CLANG_ENABLE_OBJC_ARC = YES;
				CLANG_ENABLE_OBJC_WEAK = YES;
				CLANG_WARN_BLOCK_CAPTURE_AUTORELEASING = YES;
				CLANG_WARN_BOOL_CONVERSION = YES;
				CLANG_WARN_COMMA = YES;
				CLANG_WARN_CONSTANT_CONVERSION = YES;
				CLANG_WARN_DEPRECATED_OBJC_IMPLEMENTATIONS = YES;
				CLANG_WARN_DIRECT_OBJC_ISA_USAGE = YES_ERROR;
				CLANG_WARN_DOCUMENTATION_COMMENTS = YES;
				CLANG_WARN_EMPTY_BODY = YES;
				CLANG_WARN_ENUM_CONVERSION = YES;
				CLANG_WARN_INFINITE_RECURSION = YES;
				CLANG_WARN_INT_CONVERSION = YES;
				CLANG_WARN_NON_LITERAL_NULL_CONVERSION = YES;
				CLANG_WARN_OBJC_IMPLICIT_RETAIN_SELF = YES;
				CLANG_WARN_OBJC_LITERAL_CONVERSION = YES;
				CLANG_WARN_OBJC_ROOT_CLASS = YES_ERROR;
				CLANG_WARN_QUOTED_INCLUDE_IN_FRAMEWORK_HEADER = YES;
				CLANG_WARN_RANGE_LOOP_ANALYSIS = YES;
				CLANG_WARN_STRICT_PROTOTYPES = YES;
				CLANG_WARN_SUSPICIOUS_MOVE = YES;
				CLANG_WARN_UNGUARDED_AVAILABILITY = YES_AGGRESSIVE;
				CLANG_WARN_UNREACHABLE_CODE = YES;
				CLANG_WARN__DUPLICATE_METHOD_MATCH = YES;
				COPY_PHASE_STRIP = NO;
				DEBUG_INFORMATION_FORMAT = "dwarf-with-dsym";
				ENABLE_NS_ASSERTIONS = NO;
				ENABLE_STRICT_OBJC_MSGSEND = YES;
				GCC_C_LANGUAGE_STANDARD = gnu11;
				GCC_NO_COMMON_BLOCKS = YES;
				GCC_WARN_64_TO_32_BIT_CONVERSION = YES;
				GCC_WARN_ABOUT_RETURN_TYPE = YES_ERROR;
				GCC_WARN_UNDECLARED_SELECTOR = YES;
				GCC_WARN_UNINITIALIZED_AUTOS = YES_AGGRESSIVE;
				GCC_WARN_UNUSED_FUNCTION = YES;
				GCC_WARN_UNUSED_VARIABLE = YES;
				IPHONEOS_DEPLOYMENT_TARGET = 16.0;
				MTL_ENABLE_DEBUG_INFO = NO;
				MTL_FAST_MATH = YES;
				SDKROOT = iphoneos;
				SWIFT_COMPILATION_MODE = wholemodule;
				SWIFT_OPTIMIZATION_LEVEL = "-O";
				VALIDATE_PRODUCT = YES;
			};
			name = Release;
		};
		0AC38B09292E23360094C43E /* Debug */ = {
			isa = XCBuildConfiguration;
			buildSettings = {
				ASSETCATALOG_COMPILER_APPICON_NAME = AppIcon;
				ASSETCATALOG_COMPILER_GLOBAL_ACCENT_COLOR_NAME = AccentColor;
				CODE_SIGN_STYLE = Automatic;
				CURRENT_PROJECT_VERSION = 1;
				DEVELOPMENT_ASSET_PATHS = "\"SideMenu_SwiftUI/Preview Content\"";
				DEVELOPMENT_TEAM = 3P9LUAZ46A;
				ENABLE_PREVIEWS = YES;
				GENERATE_INFOPLIST_FILE = YES;
				INFOPLIST_KEY_UIApplicationSceneManifest_Generation = YES;
				INFOPLIST_KEY_UIApplicationSupportsIndirectInputEvents = YES;
				INFOPLIST_KEY_UILaunchScreen_Generation = YES;
				INFOPLIST_KEY_UISupportedInterfaceOrientations_iPad = "UIInterfaceOrientationPortrait UIInterfaceOrientationPortraitUpsideDown UIInterfaceOrientationLandscapeLeft UIInterfaceOrientationLandscapeRight";
				INFOPLIST_KEY_UISupportedInterfaceOrientations_iPhone = "UIInterfaceOrientationPortrait UIInterfaceOrientationLandscapeLeft UIInterfaceOrientationLandscapeRight";
				LD_RUNPATH_SEARCH_PATHS = (
					"$(inherited)",
					"@executable_path/Frameworks",
				);
				MARKETING_VERSION = 1.0;
				PRODUCT_BUNDLE_IDENTIFIER = "HTC.SideMenu-SwiftUI";
				PRODUCT_NAME = "$(TARGET_NAME)";
				SWIFT_EMIT_LOC_STRINGS = YES;
				SWIFT_VERSION = 5.0;
				TARGETED_DEVICE_FAMILY = "1,2";
			};
			name = Debug;
		};
		0AC38B0A292E23360094C43E /* Release */ = {
			isa = XCBuildConfiguration;
			buildSettings = {
				ASSETCATALOG_COMPILER_APPICON_NAME = AppIcon;
				ASSETCATALOG_COMPILER_GLOBAL_ACCENT_COLOR_NAME = AccentColor;
				CODE_SIGN_STYLE = Automatic;
				CURRENT_PROJECT_VERSION = 1;
				DEVELOPMENT_ASSET_PATHS = "\"SideMenu_SwiftUI/Preview Content\"";
				DEVELOPMENT_TEAM = 3P9LUAZ46A;
				ENABLE_PREVIEWS = YES;
				GENERATE_INFOPLIST_FILE = YES;
				INFOPLIST_KEY_UIApplicationSceneManifest_Generation = YES;
				INFOPLIST_KEY_UIApplicationSupportsIndirectInputEvents = YES;
				INFOPLIST_KEY_UILaunchScreen_Generation = YES;
				INFOPLIST_KEY_UISupportedInterfaceOrientations_iPad = "UIInterfaceOrientationPortrait UIInterfaceOrientationPortraitUpsideDown UIInterfaceOrientationLandscapeLeft UIInterfaceOrientationLandscapeRight";
				INFOPLIST_KEY_UISupportedInterfaceOrientations_iPhone = "UIInterfaceOrientationPortrait UIInterfaceOrientationLandscapeLeft UIInterfaceOrientationLandscapeRight";
				LD_RUNPATH_SEARCH_PATHS = (
					"$(inherited)",
					"@executable_path/Frameworks",
				);
				MARKETING_VERSION = 1.0;
				PRODUCT_BUNDLE_IDENTIFIER = "HTC.SideMenu-SwiftUI";
				PRODUCT_NAME = "$(TARGET_NAME)";
				SWIFT_EMIT_LOC_STRINGS = YES;
				SWIFT_VERSION = 5.0;
				TARGETED_DEVICE_FAMILY = "1,2";
			};
			name = Release;
		};
/* End XCBuildConfiguration section */

/* Begin XCConfigurationList section */
		0AC38AF5292E23350094C43E /* Build configuration list for PBXProject "SideMenu_SwiftUI" */ = {
			isa = XCConfigurationList;
			buildConfigurations = (
				0AC38B06292E23360094C43E /* Debug */,
				0AC38B07292E23360094C43E /* Release */,
			);
			defaultConfigurationIsVisible = 0;
			defaultConfigurationName = Release;
		};
		0AC38B08292E23360094C43E /* Build configuration list for PBXNativeTarget "SideMenu_SwiftUI" */ = {
			isa = XCConfigurationList;
			buildConfigurations = (
				0AC38B09292E23360094C43E /* Debug */,
				0AC38B0A292E23360094C43E /* Release */,
			);
			defaultConfigurationIsVisible = 0;
			defaultConfigurationName = Release;
		};
/* End XCConfigurationList section */
	};
	rootObject = 0AC38AF2292E23350094C43E /* Project object */;
}
